
Microsoft Visual Studio Solution File, Format Version 12.00
# Visual Studio Version 17
VisualStudioVersion = 17.0.31903.59
MinimumVisualStudioVersion = 10.0.40219.1
Project("{2150E333-8FDC-42A3-9474-1A3956D46DE8}") = "src", "src", "{827E0CD3-B72D-47B6-A68D-7590B98EB39B}"
EndProject
Project("{FAE04EC0-301F-11D3-BF4B-00C04F79EFBC}") = "Motiva.Domain", "src\Motiva.Domain\Motiva.Domain.csproj", "{57791761-0078-47F5-ACDE-B38980A29AA5}"
EndProject
Project("{FAE04EC0-301F-11D3-BF4B-00C04F79EFBC}") = "Motiva.Application", "src\Motiva.Application\Motiva.Application.csproj", "{11503751-8397-4301-94DC-A985F8E0D623}"
EndProject
Project("{FAE04EC0-301F-11D3-BF4B-00C04F79EFBC}") = "Motiva.Infrastructure", "src\Motiva.Infrastructure\Motiva.Infrastructure.csproj", "{2FB20425-E9CF-493A-BA7E-6AF3970C15F4}"
EndProject
Project("{FAE04EC0-301F-11D3-BF4B-00C04F79EFBC}") = "Motiva.Api", "src\Motiva.Api\Motiva.Api.csproj", "{560D5200-9080-438B-B1BC-00F547B2B437}"
EndProject
Project("{FAE04EC0-301F-11D3-BF4B-00C04F79EFBC}") = "Motiva.Worker", "src\Motiva.Worker\Motiva.Worker.csproj", "{626571E8-4885-4CFF-963C-C0EE095A8037}"
EndProject
Project("{2150E333-8FDC-42A3-9474-1A3956D46DE8}") = "tests", "tests", "{0AB3BF05-4346-4AA6-1389-037BE0695223}"
EndProject
Project("{FAE04EC0-301F-11D3-BF4B-00C04F79EFBC}") = "Motiva.Tests.Unit", "tests\Motiva.Tests.Unit\Motiva.Tests.Unit.csproj", "{88CB18AA-DF60-44BE-8E60-9A0FA7805C1C}"
EndProject
Project("{FAE04EC0-301F-11D3-BF4B-00C04F79EFBC}") = "Motiva.Tests.Architecture", "tests\Motiva.Tests.Architecture\Motiva.Tests.Architecture.csproj", "{314B6788-3BA0-4F2B-A3D3-FE54BD6D9A5C}"
EndProject
Project("{FAE04EC0-301F-11D3-BF4B-00C04F79EFBC}") = "Motiva.Tests.Persistence", "tests\Motiva.Tests.Persistence\Motiva.Tests.Persistence.csproj", "{C55524B8-6F55-4D61-A3D8-31BB670AEE61}"
EndProject
Project("{FAE04EC0-301F-11D3-BF4B-00C04F79EFBC}") = "Motiva.Tests.Functional", "tests\Motiva.Tests.Functional\Motiva.Tests.Functional.csproj", "{E9916FA8-34A0-4E85-BF8F-B35C03C7B187}"
EndProject
Project("{FAE04EC0-301F-11D3-BF4B-00C04F79EFBC}") = "Motiva.Tests.Http", "tests\Motiva.Tests.Http\Motiva.Tests.Http.csproj", "{B60EACCC-4BEA-40AC-A4AA-BEB98D73070D}"
EndProject
EndProject
Project("{2150E333-8FDC-42A3-9474-1A3956D46DE8}") = "tools", "tools", "{07C2787E-EAC7-C090-1BA3-A61EC2A24D84}"
EndProject
Project("{FAE04EC0-301F-11D3-BF4B-00C04F79EFBC}") = "Motiva.Bootstrapper", "tools\Motiva.Bootstrapper\Motiva.Bootstrapper.csproj", "{40262E7A-F4EB-478D-A8EC-F35FE3EDFA9A}"
EndProject
Project("{FAE04EC0-301F-11D3-BF4B-00C04F79EFBC}") = "Motiva.Seed", "tools\Motiva.Seed\Motiva.Seed.csproj", "{D18F5AB4-7DD1-42E7-B7B4-201931C4F11D}"
EndProject
Global
	GlobalSection(SolutionConfigurationPlatforms) = preSolution
		Debug|Any CPU = Debug|Any CPU
		Debug|x64 = Debug|x64
		Debug|x86 = Debug|x86
		Release|Any CPU = Release|Any CPU
		Release|x64 = Release|x64
		Release|x86 = Release|x86
	EndGlobalSection
	GlobalSection(ProjectConfigurationPlatforms) = postSolution
		{57791761-0078-47F5-ACDE-B38980A29AA5}.Debug|Any CPU.ActiveCfg = Debug|Any CPU
		{57791761-0078-47F5-ACDE-B38980A29AA5}.Debug|Any CPU.Build.0 = Debug|Any CPU
		{57791761-0078-47F5-ACDE-B38980A29AA5}.Debug|x64.ActiveCfg = Debug|Any CPU
		{57791761-0078-47F5-ACDE-B38980A29AA5}.Debug|x64.Build.0 = Debug|Any CPU
		{57791761-0078-47F5-ACDE-B38980A29AA5}.Debug|x86.ActiveCfg = Debug|Any CPU
		{57791761-0078-47F5-ACDE-B38980A29AA5}.Debug|x86.Build.0 = Debug|Any CPU
		{57791761-0078-47F5-ACDE-B38980A29AA5}.Release|Any CPU.ActiveCfg = Release|Any CPU
		{57791761-0078-47F5-ACDE-B38980A29AA5}.Release|Any CPU.Build.0 = Release|Any CPU
		{57791761-0078-47F5-ACDE-B38980A29AA5}.Release|x64.ActiveCfg = Release|Any CPU
		{57791761-0078-47F5-ACDE-B38980A29AA5}.Release|x64.Build.0 = Release|Any CPU
		{57791761-0078-47F5-ACDE-B38980A29AA5}.Release|x86.ActiveCfg = Release|Any CPU
		{57791761-0078-47F5-ACDE-B38980A29AA5}.Release|x86.Build.0 = Release|Any CPU
		{11503751-8397-4301-94DC-A985F8E0D623}.Debug|Any CPU.ActiveCfg = Debug|Any CPU
		{11503751-8397-4301-94DC-A985F8E0D623}.Debug|Any CPU.Build.0 = Debug|Any CPU
		{11503751-8397-4301-94DC-A985F8E0D623}.Debug|x64.ActiveCfg = Debug|Any CPU
		{11503751-8397-4301-94DC-A985F8E0D623}.Debug|x64.Build.0 = Debug|Any CPU
		{11503751-8397-4301-94DC-A985F8E0D623}.Debug|x86.ActiveCfg = Debug|Any CPU
		{11503751-8397-4301-94DC-A985F8E0D623}.Debug|x86.Build.0 = Debug|Any CPU
		{11503751-8397-4301-94DC-A985F8E0D623}.Release|Any CPU.ActiveCfg = Release|Any CPU
		{11503751-8397-4301-94DC-A985F8E0D623}.Release|Any CPU.Build.0 = Release|Any CPU
		{11503751-8397-4301-94DC-A985F8E0D623}.Release|x64.ActiveCfg = Release|Any CPU
		{11503751-8397-4301-94DC-A985F8E0D623}.Release|x64.Build.0 = Release|Any CPU
		{11503751-8397-4301-94DC-A985F8E0D623}.Release|x86.ActiveCfg = Release|Any CPU
		{11503751-8397-4301-94DC-A985F8E0D623}.Release|x86.Build.0 = Release|Any CPU
		{2FB20425-E9CF-493A-BA7E-6AF3970C15F4}.Debug|Any CPU.ActiveCfg = Debug|Any CPU
		{2FB20425-E9CF-493A-BA7E-6AF3970C15F4}.Debug|Any CPU.Build.0 = Debug|Any CPU
		{2FB20425-E9CF-493A-BA7E-6AF3970C15F4}.Debug|x64.ActiveCfg = Debug|Any CPU
		{2FB20425-E9CF-493A-BA7E-6AF3970C15F4}.Debug|x64.Build.0 = Debug|Any CPU
		{2FB20425-E9CF-493A-BA7E-6AF3970C15F4}.Debug|x86.ActiveCfg = Debug|Any CPU
		{2FB20425-E9CF-493A-BA7E-6AF3970C15F4}.Debug|x86.Build.0 = Debug|Any CPU
		{2FB20425-E9CF-493A-BA7E-6AF3970C15F4}.Release|Any CPU.ActiveCfg = Release|Any CPU
		{2FB20425-E9CF-493A-BA7E-6AF3970C15F4}.Release|Any CPU.Build.0 = Release|Any CPU
		{2FB20425-E9CF-493A-BA7E-6AF3970C15F4}.Release|x64.ActiveCfg = Release|Any CPU
		{2FB20425-E9CF-493A-BA7E-6AF3970C15F4}.Release|x64.Build.0 = Release|Any CPU
		{2FB20425-E9CF-493A-BA7E-6AF3970C15F4}.Release|x86.ActiveCfg = Release|Any CPU
		{2FB20425-E9CF-493A-BA7E-6AF3970C15F4}.Release|x86.Build.0 = Release|Any CPU
		{560D5200-9080-438B-B1BC-00F547B2B437}.Debug|Any CPU.ActiveCfg = Debug|Any CPU
		{560D5200-9080-438B-B1BC-00F547B2B437}.Debug|Any CPU.Build.0 = Debug|Any CPU
		{560D5200-9080-438B-B1BC-00F547B2B437}.Debug|x64.ActiveCfg = Debug|Any CPU
		{560D5200-9080-438B-B1BC-00F547B2B437}.Debug|x64.Build.0 = Debug|Any CPU
		{560D5200-9080-438B-B1BC-00F547B2B437}.Debug|x86.ActiveCfg = Debug|Any CPU
		{560D5200-9080-438B-B1BC-00F547B2B437}.Debug|x86.Build.0 = Debug|Any CPU
		{560D5200-9080-438B-B1BC-00F547B2B437}.Release|Any CPU.ActiveCfg = Release|Any CPU
		{560D5200-9080-438B-B1BC-00F547B2B437}.Release|Any CPU.Build.0 = Release|Any CPU
		{560D5200-9080-438B-B1BC-00F547B2B437}.Release|x64.ActiveCfg = Release|Any CPU
		{560D5200-9080-438B-B1BC-00F547B2B437}.Release|x64.Build.0 = Release|Any CPU
		{560D5200-9080-438B-B1BC-00F547B2B437}.Release|x86.ActiveCfg = Release|Any CPU
		{560D5200-9080-438B-B1BC-00F547B2B437}.Release|x86.Build.0 = Release|Any CPU
		{626571E8-4885-4CFF-963C-C0EE095A8037}.Debug|Any CPU.ActiveCfg = Debug|Any CPU
		{626571E8-4885-4CFF-963C-C0EE095A8037}.Debug|Any CPU.Build.0 = Debug|Any CPU
		{626571E8-4885-4CFF-963C-C0EE095A8037}.Debug|x64.ActiveCfg = Debug|Any CPU
		{626571E8-4885-4CFF-963C-C0EE095A8037}.Debug|x64.Build.0 = Debug|Any CPU
		{626571E8-4885-4CFF-963C-C0EE095A8037}.Debug|x86.ActiveCfg = Debug|Any CPU
		{626571E8-4885-4CFF-963C-C0EE095A8037}.Debug|x86.Build.0 = Debug|Any CPU
		{626571E8-4885-4CFF-963C-C0EE095A8037}.Release|Any CPU.ActiveCfg = Release|Any CPU
		{626571E8-4885-4CFF-963C-C0EE095A8037}.Release|Any CPU.Build.0 = Release|Any CPU
		{626571E8-4885-4CFF-963C-C0EE095A8037}.Release|x64.ActiveCfg = Release|Any CPU
		{626571E8-4885-4CFF-963C-C0EE095A8037}.Release|x64.Build.0 = Release|Any CPU
		{626571E8-4885-4CFF-963C-C0EE095A8037}.Release|x86.ActiveCfg = Release|Any CPU
		{626571E8-4885-4CFF-963C-C0EE095A8037}.Release|x86.Build.0 = Release|Any CPU
		{88CB18AA-DF60-44BE-8E60-9A0FA7805C1C}.Debug|Any CPU.ActiveCfg = Debug|Any CPU
		{88CB18AA-DF60-44BE-8E60-9A0FA7805C1C}.Debug|Any CPU.Build.0 = Debug|Any CPU
		{88CB18AA-DF60-44BE-8E60-9A0FA7805C1C}.Debug|x64.ActiveCfg = Debug|Any CPU
		{88CB18AA-DF60-44BE-8E60-9A0FA7805C1C}.Debug|x64.Build.0 = Debug|Any CPU
		{88CB18AA-DF60-44BE-8E60-9A0FA7805C1C}.Debug|x86.ActiveCfg = Debug|Any CPU
		{88CB18AA-DF60-44BE-8E60-9A0FA7805C1C}.Debug|x86.Build.0 = Debug|Any CPU
		{88CB18AA-DF60-44BE-8E60-9A0FA7805C1C}.Release|Any CPU.ActiveCfg = Release|Any CPU
		{88CB18AA-DF60-44BE-8E60-9A0FA7805C1C}.Release|Any CPU.Build.0 = Release|Any CPU
		{88CB18AA-DF60-44BE-8E60-9A0FA7805C1C}.Release|x64.ActiveCfg = Release|Any CPU
		{88CB18AA-DF60-44BE-8E60-9A0FA7805C1C}.Release|x64.Build.0 = Release|Any CPU
		{88CB18AA-DF60-44BE-8E60-9A0FA7805C1C}.Release|x86.ActiveCfg = Release|Any CPU
		{88CB18AA-DF60-44BE-8E60-9A0FA7805C1C}.Release|x86.Build.0 = Release|Any CPU
		{314B6788-3BA0-4F2B-A3D3-FE54BD6D9A5C}.Debug|Any CPU.ActiveCfg = Debug|Any CPU
		{314B6788-3BA0-4F2B-A3D3-FE54BD6D9A5C}.Debug|Any CPU.Build.0 = Debug|Any CPU
		{314B6788-3BA0-4F2B-A3D3-FE54BD6D9A5C}.Debug|x64.ActiveCfg = Debug|Any CPU
		{314B6788-3BA0-4F2B-A3D3-FE54BD6D9A5C}.Debug|x64.Build.0 = Debug|Any CPU
		{314B6788-3BA0-4F2B-A3D3-FE54BD6D9A5C}.Debug|x86.ActiveCfg = Debug|Any CPU
		{314B6788-3BA0-4F2B-A3D3-FE54BD6D9A5C}.Debug|x86.Build.0 = Debug|Any CPU
		{314B6788-3BA0-4F2B-A3D3-FE54BD6D9A5C}.Release|Any CPU.ActiveCfg = Release|Any CPU
		{314B6788-3BA0-4F2B-A3D3-FE54BD6D9A5C}.Release|Any CPU.Build.0 = Release|Any CPU
		{314B6788-3BA0-4F2B-A3D3-FE54BD6D9A5C}.Release|x64.ActiveCfg = Release|Any CPU
		{314B6788-3BA0-4F2B-A3D3-FE54BD6D9A5C}.Release|x64.Build.0 = Release|Any CPU
		{314B6788-3BA0-4F2B-A3D3-FE54BD6D9A5C}.Release|x86.ActiveCfg = Release|Any CPU
		{314B6788-3BA0-4F2B-A3D3-FE54BD6D9A5C}.Release|x86.Build.0 = Release|Any CPU
		{C55524B8-6F55-4D61-A3D8-31BB670AEE61}.Debug|Any CPU.ActiveCfg = Debug|Any CPU
		{C55524B8-6F55-4D61-A3D8-31BB670AEE61}.Debug|Any CPU.Build.0 = Debug|Any CPU
		{C55524B8-6F55-4D61-A3D8-31BB670AEE61}.Debug|x64.ActiveCfg = Debug|Any CPU
		{C55524B8-6F55-4D61-A3D8-31BB670AEE61}.Debug|x64.Build.0 = Debug|Any CPU
		{C55524B8-6F55-4D61-A3D8-31BB670AEE61}.Debug|x86.ActiveCfg = Debug|Any CPU
		{C55524B8-6F55-4D61-A3D8-31BB670AEE61}.Debug|x86.Build.0 = Debug|Any CPU
		{C55524B8-6F55-4D61-A3D8-31BB670AEE61}.Release|Any CPU.ActiveCfg = Release|Any CPU
		{C55524B8-6F55-4D61-A3D8-31BB670AEE61}.Release|Any CPU.Build.0 = Release|Any CPU
		{C55524B8-6F55-4D61-A3D8-31BB670AEE61}.Release|x64.ActiveCfg = Release|Any CPU
		{C55524B8-6F55-4D61-A3D8-31BB670AEE61}.Release|x64.Build.0 = Release|Any CPU
		{C55524B8-6F55-4D61-A3D8-31BB670AEE61}.Release|x86.ActiveCfg = Release|Any CPU
		{C55524B8-6F55-4D61-A3D8-31BB670AEE61}.Release|x86.Build.0 = Release|Any CPU
		{E9916FA8-34A0-4E85-BF8F-B35C03C7B187}.Debug|Any CPU.ActiveCfg = Debug|Any CPU
		{E9916FA8-34A0-4E85-BF8F-B35C03C7B187}.Debug|Any CPU.Build.0 = Debug|Any CPU
		{E9916FA8-34A0-4E85-BF8F-B35C03C7B187}.Debug|x64.ActiveCfg = Debug|Any CPU
		{E9916FA8-34A0-4E85-BF8F-B35C03C7B187}.Debug|x64.Build.0 = Debug|Any CPU
		{E9916FA8-34A0-4E85-BF8F-B35C03C7B187}.Debug|x86.ActiveCfg = Debug|Any CPU
		{E9916FA8-34A0-4E85-BF8F-B35C03C7B187}.Debug|x86.Build.0 = Debug|Any CPU
		{E9916FA8-34A0-4E85-BF8F-B35C03C7B187}.Release|Any CPU.ActiveCfg = Release|Any CPU
		{E9916FA8-34A0-4E85-BF8F-B35C03C7B187}.Release|Any CPU.Build.0 = Release|Any CPU
		{E9916FA8-34A0-4E85-BF8F-B35C03C7B187}.Release|x64.ActiveCfg = Release|Any CPU
		{E9916FA8-34A0-4E85-BF8F-B35C03C7B187}.Release|x64.Build.0 = Release|Any CPU
		{E9916FA8-34A0-4E85-BF8F-B35C03C7B187}.Release|x86.ActiveCfg = Release|Any CPU
		{E9916FA8-34A0-4E85-BF8F-B35C03C7B187}.Release|x86.Build.0 = Release|Any CPU
		{B60EACCC-4BEA-40AC-A4AA-BEB98D73070D}.Debug|Any CPU.ActiveCfg = Debug|Any CPU
		{B60EACCC-4BEA-40AC-A4AA-BEB98D73070D}.Debug|Any CPU.Build.0 = Debug|Any CPU
		{B60EACCC-4BEA-40AC-A4AA-BEB98D73070D}.Debug|x64.ActiveCfg = Debug|Any CPU
		{B60EACCC-4BEA-40AC-A4AA-BEB98D73070D}.Debug|x64.Build.0 = Debug|Any CPU
		{B60EACCC-4BEA-40AC-A4AA-BEB98D73070D}.Debug|x86.ActiveCfg = Debug|Any CPU
		{B60EACCC-4BEA-40AC-A4AA-BEB98D73070D}.Debug|x86.Build.0 = Debug|Any CPU
		{B60EACCC-4BEA-40AC-A4AA-BEB98D73070D}.Release|Any CPU.ActiveCfg = Release|Any CPU
		{B60EACCC-4BEA-40AC-A4AA-BEB98D73070D}.Release|Any CPU.Build.0 = Release|Any CPU
		{B60EACCC-4BEA-40AC-A4AA-BEB98D73070D}.Release|x64.ActiveCfg = Release|Any CPU
		{B60EACCC-4BEA-40AC-A4AA-BEB98D73070D}.Release|x64.Build.0 = Release|Any CPU
		{B60EACCC-4BEA-40AC-A4AA-BEB98D73070D}.Release|x86.ActiveCfg = Release|Any CPU
		{B60EACCC-4BEA-40AC-A4AA-BEB98D73070D}.Release|x86.Build.0 = Release|Any CPU
		{40262E7A-F4EB-478D-A8EC-F35FE3EDFA9A}.Debug|Any CPU.ActiveCfg = Debug|Any CPU
		{40262E7A-F4EB-478D-A8EC-F35FE3EDFA9A}.Debug|Any CPU.Build.0 = Debug|Any CPU
		{40262E7A-F4EB-478D-A8EC-F35FE3EDFA9A}.Debug|x64.ActiveCfg = Debug|Any CPU
		{40262E7A-F4EB-478D-A8EC-F35FE3EDFA9A}.Debug|x64.Build.0 = Debug|Any CPU
		{40262E7A-F4EB-478D-A8EC-F35FE3EDFA9A}.Debug|x86.ActiveCfg = Debug|Any CPU
		{40262E7A-F4EB-478D-A8EC-F35FE3EDFA9A}.Debug|x86.Build.0 = Debug|Any CPU
		{40262E7A-F4EB-478D-A8EC-F35FE3EDFA9A}.Release|Any CPU.ActiveCfg = Release|Any CPU
		{40262E7A-F4EB-478D-A8EC-F35FE3EDFA9A}.Release|Any CPU.Build.0 = Release|Any CPU
		{40262E7A-F4EB-478D-A8EC-F35FE3EDFA9A}.Release|x64.ActiveCfg = Release|Any CPU
		{40262E7A-F4EB-478D-A8EC-F35FE3EDFA9A}.Release|x64.Build.0 = Release|Any CPU
		{40262E7A-F4EB-478D-A8EC-F35FE3EDFA9A}.Release|x86.ActiveCfg = Release|Any CPU
		{40262E7A-F4EB-478D-A8EC-F35FE3EDFA9A}.Release|x86.Build.0 = Release|Any CPU
		{D18F5AB4-7DD1-42E7-B7B4-201931C4F11D}.Debug|Any CPU.ActiveCfg = Debug|Any CPU
		{D18F5AB4-7DD1-42E7-B7B4-201931C4F11D}.Debug|Any CPU.Build.0 = Debug|Any CPU
		{D18F5AB4-7DD1-42E7-B7B4-201931C4F11D}.Debug|x64.ActiveCfg = Debug|Any CPU
		{D18F5AB4-7DD1-42E7-B7B4-201931C4F11D}.Debug|x64.Build.0 = Debug|Any CPU
		{D18F5AB4-7DD1-42E7-B7B4-201931C4F11D}.Debug|x86.ActiveCfg = Debug|Any CPU
		{D18F5AB4-7DD1-42E7-B7B4-201931C4F11D}.Debug|x86.Build.0 = Debug|Any CPU
		{D18F5AB4-7DD1-42E7-B7B4-201931C4F11D}.Release|Any CPU.ActiveCfg = Release|Any CPU
		{D18F5AB4-7DD1-42E7-B7B4-201931C4F11D}.Release|Any CPU.Build.0 = Release|Any CPU
		{D18F5AB4-7DD1-42E7-B7B4-201931C4F11D}.Release|x64.ActiveCfg = Release|Any CPU
		{D18F5AB4-7DD1-42E7-B7B4-201931C4F11D}.Release|x64.Build.0 = Release|Any CPU
		{D18F5AB4-7DD1-42E7-B7B4-201931C4F11D}.Release|x86.ActiveCfg = Release|Any CPU
		{D18F5AB4-7DD1-42E7-B7B4-201931C4F11D}.Release|x86.Build.0 = Release|Any CPU
	EndGlobalSection
	GlobalSection(SolutionProperties) = preSolution
		HideSolutionNode = FALSE
	EndGlobalSection
	GlobalSection(NestedProjects) = preSolution
		{57791761-0078-47F5-ACDE-B38980A29AA5} = {827E0CD3-B72D-47B6-A68D-7590B98EB39B}
		{11503751-8397-4301-94DC-A985F8E0D623} = {827E0CD3-B72D-47B6-A68D-7590B98EB39B}
		{2FB20425-E9CF-493A-BA7E-6AF3970C15F4} = {827E0CD3-B72D-47B6-A68D-7590B98EB39B}
		{560D5200-9080-438B-B1BC-00F547B2B437} = {827E0CD3-B72D-47B6-A68D-7590B98EB39B}
		{626571E8-4885-4CFF-963C-C0EE095A8037} = {827E0CD3-B72D-47B6-A68D-7590B98EB39B}
		{88CB18AA-DF60-44BE-8E60-9A0FA7805C1C} = {0AB3BF05-4346-4AA6-1389-037BE0695223}
		{314B6788-3BA0-4F2B-A3D3-FE54BD6D9A5C} = {0AB3BF05-4346-4AA6-1389-037BE0695223}
		{C55524B8-6F55-4D61-A3D8-31BB670AEE61} = {0AB3BF05-4346-4AA6-1389-037BE0695223}
		{E9916FA8-34A0-4E85-BF8F-B35C03C7B187} = {0AB3BF05-4346-4AA6-1389-037BE0695223}
		{B60EACCC-4BEA-40AC-A4AA-BEB98D73070D} = {0AB3BF05-4346-4AA6-1389-037BE0695223}
		{40262E7A-F4EB-478D-A8EC-F35FE3EDFA9A} = {07C2787E-EAC7-C090-1BA3-A61EC2A24D84}
		{D18F5AB4-7DD1-42E7-B7B4-201931C4F11D} = {07C2787E-EAC7-C090-1BA3-A61EC2A24D84}
	EndGlobalSection
EndGlobal
